
Microsoft Visual Studio Solution File, Format Version 12.00
# Visual Studio Version 17
VisualStudioVersion = 17.7.34009.444
MinimumVisualStudioVersion = 10.0.40219.1
Project("{FAE04EC0-301F-11D3-BF4B-00C04F79EFBC}") = "KK Basic App GitHub", "KK Basic App GitHub\KK Basic App GitHub.csproj", "{5D05D424-B4C1-4A8B-BFAC-12F5DFD983C8}"
EndProject
Project("{FAE04EC0-301F-11D3-BF4B-00C04F79EFBC}") = "BasicAppTest", "BasicAppTest\BasicAppTest.csproj", "{8C425E04-73D7-41D1-AA62-F7CD7C345BB7}"
EndProject
Global
	GlobalSection(SolutionConfigurationPlatforms) = preSolution
		Debug|Any CPU = Debug|Any CPU
		Release|Any CPU = Release|Any CPU
	EndGlobalSection
	GlobalSection(ProjectConfigurationPlatforms) = postSolution
		{5D05D424-B4C1-4A8B-BFAC-12F5DFD983C8}.Debug|Any CPU.ActiveCfg = Debug|Any CPU
		{5D05D424-B4C1-4A8B-BFAC-12F5DFD983C8}.Debug|Any CPU.Build.0 = Debug|Any CPU
		{5D05D424-B4C1-4A8B-BFAC-12F5DFD983C8}.Release|Any CPU.ActiveCfg = Release|Any CPU
		{5D05D424-B4C1-4A8B-BFAC-12F5DFD983C8}.Release|Any CPU.Build.0 = Release|Any CPU
		{8C425E04-73D7-41D1-AA62-F7CD7C345BB7}.Debug|Any CPU.ActiveCfg = Debug|Any CPU
		{8C425E04-73D7-41D1-AA62-F7CD7C345BB7}.Debug|Any CPU.Build.0 = Debug|Any CPU
		{8C425E04-73D7-41D1-AA62-F7CD7C345BB7}.Release|Any CPU.ActiveCfg = Release|Any CPU
		{8C425E04-73D7-41D1-AA62-F7CD7C345BB7}.Release|Any CPU.Build.0 = Release|Any CPU
	EndGlobalSection
	GlobalSection(SolutionProperties) = preSolution
		HideSolutionNode = FALSE
	EndGlobalSection
	GlobalSection(ExtensibilityGlobals) = postSolution
		SolutionGuid = {3DEE7560-68E0-4019-A604-0DAAE3A53488}
	EndGlobalSection
EndGlobal
